
Microsoft Visual Studio Solution File, Format Version 12.00
# Visual Studio Version 17
VisualStudioVersion = 17.3.32505.426
MinimumVisualStudioVersion = 10.0.40219.1
Project("{9A19103F-16F7-4668-BE54-9A1E7A4F7556}") = "source-generators", "source-generators\source-generators.csproj", "{3668F189-8B03-485B-A3AA-9B3D04BF5532}"
EndProject
Project("{9A19103F-16F7-4668-BE54-9A1E7A4F7556}") = "source-generators-console", "source-generators-console\source-generators-console.csproj", "{26EC34EA-4577-4DD2-A3DC-300242E48036}"
EndProject
Global
	GlobalSection(SolutionConfigurationPlatforms) = preSolution
		Debug|Any CPU = Debug|Any CPU
		Release|Any CPU = Release|Any CPU
	EndGlobalSection
	GlobalSection(ProjectConfigurationPlatforms) = postSolution
		{3668F189-8B03-485B-A3AA-9B3D04BF5532}.Debug|Any CPU.ActiveCfg = Debug|Any CPU
		{3668F189-8B03-485B-A3AA-9B3D04BF5532}.Debug|Any CPU.Build.0 = Debug|Any CPU
		{3668F189-8B03-485B-A3AA-9B3D04BF5532}.Release|Any CPU.ActiveCfg = Release|Any CPU
		{3668F189-8B03-485B-A3AA-9B3D04BF5532}.Release|Any CPU.Build.0 = Release|Any CPU
		{26EC34EA-4577-4DD2-A3DC-300242E48036}.Debug|Any CPU.ActiveCfg = Debug|Any CPU
		{26EC34EA-4577-4DD2-A3DC-300242E48036}.Debug|Any CPU.Build.0 = Debug|Any CPU
		{26EC34EA-4577-4DD2-A3DC-300242E48036}.Release|Any CPU.ActiveCfg = Release|Any CPU
		{26EC34EA-4577-4DD2-A3DC-300242E48036}.Release|Any CPU.Build.0 = Release|Any CPU
	EndGlobalSection
	GlobalSection(SolutionProperties) = preSolution
		HideSolutionNode = FALSE
	EndGlobalSection
	GlobalSection(ExtensibilityGlobals) = postSolution
		SolutionGuid = {4FEEED91-DE16-4DE4-8E60-1E137C397E41}
	EndGlobalSection
EndGlobal
